// !$*UTF8*$!
{
	archiveVersion = 1;
	classes = {
	};
	objectVersion = 54;
	objects = {

/* Begin PBXBuildFile section */
		BF53DFC82971905600829814 /* WMTInboxContentType.swift in Sources */ = {isa = PBXBuildFile; fileRef = BF53DFC72971905600829814 /* WMTInboxContentType.swift */; };
		BFEEB20529379C700047941D /* WMTInboxGetMessageDetail.swift in Sources */ = {isa = PBXBuildFile; fileRef = BFEEB20429379C700047941D /* WMTInboxGetMessageDetail.swift */; };
		BFEEB20729379F960047941D /* WMTInboxSetMessageRead.swift in Sources */ = {isa = PBXBuildFile; fileRef = BFEEB20629379F960047941D /* WMTInboxSetMessageRead.swift */; };
		BFEEB2092937A2680047941D /* WMTInboxGetList.swift in Sources */ = {isa = PBXBuildFile; fileRef = BFEEB2082937A2680047941D /* WMTInboxGetList.swift */; };
		BFEEB20B2937AD700047941D /* WMTCancellable.swift in Sources */ = {isa = PBXBuildFile; fileRef = BFEEB20A2937AD700047941D /* WMTCancellable.swift */; };
		DC0268DF29965495000BB9FA /* WMTOperationListResponse.swift in Sources */ = {isa = PBXBuildFile; fileRef = DC0268DE29965495000BB9FA /* WMTOperationListResponse.swift */; };
		DC06D01F25AC74E400F2EA69 /* WMTLock.swift in Sources */ = {isa = PBXBuildFile; fileRef = DC06D01E25AC74E400F2EA69 /* WMTLock.swift */; };
		DC395C0A24E55B9B0007C36E /* PushParserTests.swift in Sources */ = {isa = PBXBuildFile; fileRef = DC395C0924E55B9B0007C36E /* PushParserTests.swift */; };
		DC3D0B372480F3C7000DC4D9 /* WMTOperation.swift in Sources */ = {isa = PBXBuildFile; fileRef = DC3D0B362480F3C7000DC4D9 /* WMTOperation.swift */; };
		DC3D0B392480F886000DC4D9 /* WMTLocalOperation.swift in Sources */ = {isa = PBXBuildFile; fileRef = DC3D0B382480F886000DC4D9 /* WMTLocalOperation.swift */; };
		DC488031292282C900DB844B /* WMTService.swift in Sources */ = {isa = PBXBuildFile; fileRef = DC488030292282C900DB844B /* WMTService.swift */; };
		DC48803D292282FF00DB844B /* WMTInbox.swift in Sources */ = {isa = PBXBuildFile; fileRef = DC488035292282FF00DB844B /* WMTInbox.swift */; };
		DC48803E292282FF00DB844B /* WMTInboxMessage.swift in Sources */ = {isa = PBXBuildFile; fileRef = DC488037292282FF00DB844B /* WMTInboxMessage.swift */; };
		DC48803F292282FF00DB844B /* WMTInboxMessageDetail.swift in Sources */ = {isa = PBXBuildFile; fileRef = DC488038292282FF00DB844B /* WMTInboxMessageDetail.swift */; };
		DC488040292282FF00DB844B /* WMTInboxCount.swift in Sources */ = {isa = PBXBuildFile; fileRef = DC488039292282FF00DB844B /* WMTInboxCount.swift */; };
		DC488041292282FF00DB844B /* WMTInboxEndpoints.swift in Sources */ = {isa = PBXBuildFile; fileRef = DC48803B292282FF00DB844B /* WMTInboxEndpoints.swift */; };
		DC488042292282FF00DB844B /* WMTInboxImpl.swift in Sources */ = {isa = PBXBuildFile; fileRef = DC48803C292282FF00DB844B /* WMTInboxImpl.swift */; };
		DC5F6DE824E14FA100D351D3 /* Configs in Resources */ = {isa = PBXBuildFile; fileRef = DC5F6DE724E14FA100D351D3 /* Configs */; };
		DC616236248508F8000DED17 /* QROperationParserTests.swift in Sources */ = {isa = PBXBuildFile; fileRef = DC616235248508F8000DED17 /* QROperationParserTests.swift */; };
		DC616238248508F8000DED17 /* WultraMobileTokenSDK.framework in Frameworks */ = {isa = PBXBuildFile; fileRef = DCC5CC9A2449EE21004679AC /* WultraMobileTokenSDK.framework */; };
		DC61624224852B6D000DED17 /* NetworkingObjectsTests.swift in Sources */ = {isa = PBXBuildFile; fileRef = DC61624124852B6D000DED17 /* NetworkingObjectsTests.swift */; };
		DC6E52D6259C964600FC25BE /* WMTOperationExpirationWatcher.swift in Sources */ = {isa = PBXBuildFile; fileRef = DC6E52D5259C964600FC25BE /* WMTOperationExpirationWatcher.swift */; };
		DC6EDB7925A49ED900A229E4 /* OperationExpirationTests.swift in Sources */ = {isa = PBXBuildFile; fileRef = DC6EDB7825A49ED900A229E4 /* OperationExpirationTests.swift */; };
		DC81D1C9244F38DB00F80CD6 /* WMTPushEndpoints.swift in Sources */ = {isa = PBXBuildFile; fileRef = DC81D1C8244F38DB00F80CD6 /* WMTPushEndpoints.swift */; };
		DC81D1CB244F451E00F80CD6 /* WMTPushImpl.swift in Sources */ = {isa = PBXBuildFile; fileRef = DC81D1CA244F451E00F80CD6 /* WMTPushImpl.swift */; };
		DC81D1CD244F640600F80CD6 /* WMTPush.swift in Sources */ = {isa = PBXBuildFile; fileRef = DC81D1CC244F640600F80CD6 /* WMTPush.swift */; };
		DC848E2126B16C2400EBFA6C /* PowerAuth2.xcframework in Frameworks */ = {isa = PBXBuildFile; fileRef = DC848E2026B16C2400EBFA6C /* PowerAuth2.xcframework */; };
		DC848E2226B1782900EBFA6C /* PowerAuth2.xcframework in Frameworks */ = {isa = PBXBuildFile; fileRef = DC848E2026B16C2400EBFA6C /* PowerAuth2.xcframework */; };
		DC848E2426B1782900EBFA6C /* PowerAuthCore.xcframework in Frameworks */ = {isa = PBXBuildFile; fileRef = DC848E2326B1782900EBFA6C /* PowerAuthCore.xcframework */; };
		DC8CB202244DCBE2009DDAA3 /* WMTOperations.swift in Sources */ = {isa = PBXBuildFile; fileRef = DC8CB201244DCBE2009DDAA3 /* WMTOperations.swift */; };
		DC8CB206244DD007009DDAA3 /* WMTAllowedOperationSignature.swift in Sources */ = {isa = PBXBuildFile; fileRef = DC8CB205244DD007009DDAA3 /* WMTAllowedOperationSignature.swift */; };
		DC9511F926EA02C100FF40AD /* WPNIntegration.swift in Sources */ = {isa = PBXBuildFile; fileRef = DC9511F826EA02C100FF40AD /* WPNIntegration.swift */; };
		DC9511FB26EA02ED00FF40AD /* WultraPowerAuthNetworking.xcframework in Frameworks */ = {isa = PBXBuildFile; fileRef = DC9511FA26EA02ED00FF40AD /* WultraPowerAuthNetworking.xcframework */; };
		DCA43C6B29927C960059A163 /* WMTOperationAttributeAmountConversion.swift in Sources */ = {isa = PBXBuildFile; fileRef = DCA43C6A29927C960059A163 /* WMTOperationAttributeAmountConversion.swift */; };
		DCA43C6D2993F63E0059A163 /* WMTOperationAttributeImage.swift in Sources */ = {isa = PBXBuildFile; fileRef = DCA43C6C2993F63E0059A163 /* WMTOperationAttributeImage.swift */; };
		DCAB7BC824580B4C0006989D /* WMTQROperationParser.swift in Sources */ = {isa = PBXBuildFile; fileRef = DCAB7BC724580B4C0006989D /* WMTQROperationParser.swift */; };
		DCAB7BCA24580BAC0006989D /* WMTQROperation.swift in Sources */ = {isa = PBXBuildFile; fileRef = DCAB7BC924580BAC0006989D /* WMTQROperation.swift */; };
		DCC3420424E3DB310045D27D /* WMTPushParser.swift in Sources */ = {isa = PBXBuildFile; fileRef = DCC3420324E3DB310045D27D /* WMTPushParser.swift */; };
		DCC5CC9F2449EE21004679AC /* MobileTokenSDK.h in Headers */ = {isa = PBXBuildFile; fileRef = DCC5CC9D2449EE21004679AC /* MobileTokenSDK.h */; settings = {ATTRIBUTES = (Public, ); }; };
		DCC5CCAC2449F765004679AC /* WMTOperationsImpl.swift in Sources */ = {isa = PBXBuildFile; fileRef = DCC5CCAB2449F765004679AC /* WMTOperationsImpl.swift */; };
		DCC5CCAE2449F7AC004679AC /* WMTUserOperation.swift in Sources */ = {isa = PBXBuildFile; fileRef = DCC5CCAD2449F7AC004679AC /* WMTUserOperation.swift */; };
		DCC5CCB12449F81C004679AC /* WMTOperationFormData.swift in Sources */ = {isa = PBXBuildFile; fileRef = DCC5CCB02449F81C004679AC /* WMTOperationFormData.swift */; };
		DCC5CCB32449F8CD004679AC /* WMTOperationAttribute.swift in Sources */ = {isa = PBXBuildFile; fileRef = DCC5CCB22449F8CD004679AC /* WMTOperationAttribute.swift */; };
		DCC5CCB52449F8E9004679AC /* WMTOperationAttributeAmount.swift in Sources */ = {isa = PBXBuildFile; fileRef = DCC5CCB42449F8E9004679AC /* WMTOperationAttributeAmount.swift */; };
		DCC5CCB92449F93C004679AC /* WMTOperationAttributeKeyValue.swift in Sources */ = {isa = PBXBuildFile; fileRef = DCC5CCB82449F93C004679AC /* WMTOperationAttributeKeyValue.swift */; };
		DCC5CCBB2449F952004679AC /* WMTOperationAttributeNote.swift in Sources */ = {isa = PBXBuildFile; fileRef = DCC5CCBA2449F952004679AC /* WMTOperationAttributeNote.swift */; };
		DCC5CCBD2449F965004679AC /* WMTOperationAttributeHeading.swift in Sources */ = {isa = PBXBuildFile; fileRef = DCC5CCBC2449F965004679AC /* WMTOperationAttributeHeading.swift */; };
		DCC5CCBF2449F981004679AC /* WMTOperationAttributePartyInfo.swift in Sources */ = {isa = PBXBuildFile; fileRef = DCC5CCBE2449F981004679AC /* WMTOperationAttributePartyInfo.swift */; };
		DCC5CCCE244DB0AD004679AC /* WMTLogger.swift in Sources */ = {isa = PBXBuildFile; fileRef = DCC5CCCD244DB0AD004679AC /* WMTLogger.swift */; };
		DCC5CCD4244DBA1C004679AC /* WMTOperationEndpoints.swift in Sources */ = {isa = PBXBuildFile; fileRef = DCC5CCD3244DBA1C004679AC /* WMTOperationEndpoints.swift */; };
		DCC5CCD6244DBB7F004679AC /* WMTPushRegistrationData.swift in Sources */ = {isa = PBXBuildFile; fileRef = DCC5CCD5244DBB7F004679AC /* WMTPushRegistrationData.swift */; };
		DCC5CCD8244DBBBD004679AC /* WMTAuthorizationData.swift in Sources */ = {isa = PBXBuildFile; fileRef = DCC5CCD7244DBBBD004679AC /* WMTAuthorizationData.swift */; };
		DCC5CCDA244DBBE2004679AC /* WMTRejectionData.swift in Sources */ = {isa = PBXBuildFile; fileRef = DCC5CCD9244DBBE2004679AC /* WMTRejectionData.swift */; };
		DCD8B336246C1BAF00385F02 /* WMTRejectionReason.swift in Sources */ = {isa = PBXBuildFile; fileRef = DCD8B335246C1BAF00385F02 /* WMTRejectionReason.swift */; };
		DCE5EAB026BD81150061861A /* WMTOperationHistoryEntry.swift in Sources */ = {isa = PBXBuildFile; fileRef = DCE5EAAF26BD81150061861A /* WMTOperationHistoryEntry.swift */; };
		DCE660D124CEBECA00870E53 /* IntegrationTests.swift in Sources */ = {isa = PBXBuildFile; fileRef = DCE660D024CEBECA00870E53 /* IntegrationTests.swift */; };
		DCE660D324CEF56400870E53 /* IntegrationProxy.swift in Sources */ = {isa = PBXBuildFile; fileRef = DCE660D224CEF56400870E53 /* IntegrationProxy.swift */; };
		EA294F3D29F6A07A00A0494E /* WMTOperationUIData.swift in Sources */ = {isa = PBXBuildFile; fileRef = EA294F3C29F6A07A00A0494E /* WMTOperationUIData.swift */; };
		EA44366A29F9294600DDEC1C /* WMTPostApprovaScreenReview.swift in Sources */ = {isa = PBXBuildFile; fileRef = EA44366929F9294600DDEC1C /* WMTPostApprovaScreenReview.swift */; };
		EA44366C29F9297100DDEC1C /* WMTPostApprovaScreenRedirect.swift in Sources */ = {isa = PBXBuildFile; fileRef = EA44366B29F9297100DDEC1C /* WMTPostApprovaScreenRedirect.swift */; };
		EA44366E29F9298100DDEC1C /* WMTPostApprovaScreenGeneric.swift in Sources */ = {isa = PBXBuildFile; fileRef = EA44366D29F9298100DDEC1C /* WMTPostApprovaScreenGeneric.swift */; };
		EA6DDF0F29F8036B0011E234 /* WMTPreApprovalScreen.swift in Sources */ = {isa = PBXBuildFile; fileRef = EA6DDF0E29F8036B0011E234 /* WMTPreApprovalScreen.swift */; };
		EA6DDF1A29F804D60011E234 /* WMTPostApprovalScreen.swift in Sources */ = {isa = PBXBuildFile; fileRef = EA6DDF1929F804D60011E234 /* WMTPostApprovalScreen.swift */; };
		EA6DDF1C29F807230011E234 /* OperationUIDataTests.swift in Sources */ = {isa = PBXBuildFile; fileRef = EA6DDF1B29F807230011E234 /* OperationUIDataTests.swift */; };
		EA7A6E582B0E639800C1D4F4 /* WMTOperationDetailRequest.swift in Sources */ = {isa = PBXBuildFile; fileRef = EA7A6E572B0E639800C1D4F4 /* WMTOperationDetailRequest.swift */; };
		EA9CE2BE2AEAA9FD00FE4E35 /* WMTProximityCheck.swift in Sources */ = {isa = PBXBuildFile; fileRef = EA9CE2BD2AEAA9FD00FE4E35 /* WMTProximityCheck.swift */; };
		EA9CE2C22AEBDB0D00FE4E35 /* WMTPACUtils.swift in Sources */ = {isa = PBXBuildFile; fileRef = EA9CE2C12AEBDB0D00FE4E35 /* WMTPACUtils.swift */; };
		EAB7054A2AF1161500756AC2 /* PACParserTests.swift in Sources */ = {isa = PBXBuildFile; fileRef = EAB705492AF1161500756AC2 /* PACParserTests.swift */; };
		EACAF7B02A126B7D0021CA54 /* WMTJsonValue.swift in Sources */ = {isa = PBXBuildFile; fileRef = EACAF7AF2A126B7D0021CA54 /* WMTJsonValue.swift */; };
/* End PBXBuildFile section */

/* Begin PBXContainerItemProxy section */
		DC616239248508F8000DED17 /* PBXContainerItemProxy */ = {
			isa = PBXContainerItemProxy;
			containerPortal = DCC5CC912449EE21004679AC /* Project object */;
			proxyType = 1;
			remoteGlobalIDString = DCC5CC992449EE21004679AC;
			remoteInfo = WultraMobileTokenSDK;
		};
/* End PBXContainerItemProxy section */

/* Begin PBXFileReference section */
		BF53DFC72971905600829814 /* WMTInboxContentType.swift */ = {isa = PBXFileReference; lastKnownFileType = sourcecode.swift; path = WMTInboxContentType.swift; sourceTree = "<group>"; };
		BFEEB20429379C700047941D /* WMTInboxGetMessageDetail.swift */ = {isa = PBXFileReference; lastKnownFileType = sourcecode.swift; path = WMTInboxGetMessageDetail.swift; sourceTree = "<group>"; };
		BFEEB20629379F960047941D /* WMTInboxSetMessageRead.swift */ = {isa = PBXFileReference; lastKnownFileType = sourcecode.swift; path = WMTInboxSetMessageRead.swift; sourceTree = "<group>"; };
		BFEEB2082937A2680047941D /* WMTInboxGetList.swift */ = {isa = PBXFileReference; lastKnownFileType = sourcecode.swift; path = WMTInboxGetList.swift; sourceTree = "<group>"; };
		BFEEB20A2937AD700047941D /* WMTCancellable.swift */ = {isa = PBXFileReference; lastKnownFileType = sourcecode.swift; path = WMTCancellable.swift; sourceTree = "<group>"; };
		DC0268DE29965495000BB9FA /* WMTOperationListResponse.swift */ = {isa = PBXFileReference; lastKnownFileType = sourcecode.swift; path = WMTOperationListResponse.swift; sourceTree = "<group>"; };
		DC06D01E25AC74E400F2EA69 /* WMTLock.swift */ = {isa = PBXFileReference; lastKnownFileType = sourcecode.swift; path = WMTLock.swift; sourceTree = "<group>"; };
		DC395C0924E55B9B0007C36E /* PushParserTests.swift */ = {isa = PBXFileReference; lastKnownFileType = sourcecode.swift; path = PushParserTests.swift; sourceTree = "<group>"; };
		DC3D0B362480F3C7000DC4D9 /* WMTOperation.swift */ = {isa = PBXFileReference; lastKnownFileType = sourcecode.swift; path = WMTOperation.swift; sourceTree = "<group>"; };
		DC3D0B382480F886000DC4D9 /* WMTLocalOperation.swift */ = {isa = PBXFileReference; lastKnownFileType = sourcecode.swift; path = WMTLocalOperation.swift; sourceTree = "<group>"; };
		DC488030292282C900DB844B /* WMTService.swift */ = {isa = PBXFileReference; fileEncoding = 4; lastKnownFileType = sourcecode.swift; path = WMTService.swift; sourceTree = "<group>"; };
		DC488035292282FF00DB844B /* WMTInbox.swift */ = {isa = PBXFileReference; fileEncoding = 4; lastKnownFileType = sourcecode.swift; path = WMTInbox.swift; sourceTree = "<group>"; };
		DC488037292282FF00DB844B /* WMTInboxMessage.swift */ = {isa = PBXFileReference; fileEncoding = 4; lastKnownFileType = sourcecode.swift; path = WMTInboxMessage.swift; sourceTree = "<group>"; };
		DC488038292282FF00DB844B /* WMTInboxMessageDetail.swift */ = {isa = PBXFileReference; fileEncoding = 4; lastKnownFileType = sourcecode.swift; path = WMTInboxMessageDetail.swift; sourceTree = "<group>"; };
		DC488039292282FF00DB844B /* WMTInboxCount.swift */ = {isa = PBXFileReference; fileEncoding = 4; lastKnownFileType = sourcecode.swift; path = WMTInboxCount.swift; sourceTree = "<group>"; };
		DC48803B292282FF00DB844B /* WMTInboxEndpoints.swift */ = {isa = PBXFileReference; fileEncoding = 4; lastKnownFileType = sourcecode.swift; path = WMTInboxEndpoints.swift; sourceTree = "<group>"; };
		DC48803C292282FF00DB844B /* WMTInboxImpl.swift */ = {isa = PBXFileReference; fileEncoding = 4; lastKnownFileType = sourcecode.swift; path = WMTInboxImpl.swift; sourceTree = "<group>"; };
		DC5F6DE724E14FA100D351D3 /* Configs */ = {isa = PBXFileReference; lastKnownFileType = folder; path = Configs; sourceTree = "<group>"; };
		DC616233248508F8000DED17 /* WultraMobileTokenSDKTests.xctest */ = {isa = PBXFileReference; explicitFileType = wrapper.cfbundle; includeInIndex = 0; path = WultraMobileTokenSDKTests.xctest; sourceTree = BUILT_PRODUCTS_DIR; };
		DC616235248508F8000DED17 /* QROperationParserTests.swift */ = {isa = PBXFileReference; lastKnownFileType = sourcecode.swift; path = QROperationParserTests.swift; sourceTree = "<group>"; };
		DC616237248508F8000DED17 /* Info.plist */ = {isa = PBXFileReference; lastKnownFileType = text.plist.xml; path = Info.plist; sourceTree = "<group>"; };
		DC61624124852B6D000DED17 /* NetworkingObjectsTests.swift */ = {isa = PBXFileReference; lastKnownFileType = sourcecode.swift; path = NetworkingObjectsTests.swift; sourceTree = "<group>"; };
		DC6E52D5259C964600FC25BE /* WMTOperationExpirationWatcher.swift */ = {isa = PBXFileReference; lastKnownFileType = sourcecode.swift; path = WMTOperationExpirationWatcher.swift; sourceTree = "<group>"; };
		DC6EDB7825A49ED900A229E4 /* OperationExpirationTests.swift */ = {isa = PBXFileReference; lastKnownFileType = sourcecode.swift; path = OperationExpirationTests.swift; sourceTree = "<group>"; };
		DC81D1C8244F38DB00F80CD6 /* WMTPushEndpoints.swift */ = {isa = PBXFileReference; lastKnownFileType = sourcecode.swift; path = WMTPushEndpoints.swift; sourceTree = "<group>"; };
		DC81D1CA244F451E00F80CD6 /* WMTPushImpl.swift */ = {isa = PBXFileReference; lastKnownFileType = sourcecode.swift; path = WMTPushImpl.swift; sourceTree = "<group>"; };
		DC81D1CC244F640600F80CD6 /* WMTPush.swift */ = {isa = PBXFileReference; lastKnownFileType = sourcecode.swift; path = WMTPush.swift; sourceTree = "<group>"; };
		DC848E2026B16C2400EBFA6C /* PowerAuth2.xcframework */ = {isa = PBXFileReference; lastKnownFileType = wrapper.xcframework; name = PowerAuth2.xcframework; path = Carthage/Build/PowerAuth2.xcframework; sourceTree = "<group>"; };
		DC848E2326B1782900EBFA6C /* PowerAuthCore.xcframework */ = {isa = PBXFileReference; lastKnownFileType = wrapper.xcframework; name = PowerAuthCore.xcframework; path = Carthage/Build/PowerAuthCore.xcframework; sourceTree = "<group>"; };
		DC8CB201244DCBE2009DDAA3 /* WMTOperations.swift */ = {isa = PBXFileReference; lastKnownFileType = sourcecode.swift; path = WMTOperations.swift; sourceTree = "<group>"; };
		DC8CB205244DD007009DDAA3 /* WMTAllowedOperationSignature.swift */ = {isa = PBXFileReference; lastKnownFileType = sourcecode.swift; path = WMTAllowedOperationSignature.swift; sourceTree = "<group>"; };
		DC9511F826EA02C100FF40AD /* WPNIntegration.swift */ = {isa = PBXFileReference; lastKnownFileType = sourcecode.swift; path = WPNIntegration.swift; sourceTree = "<group>"; };
		DC9511FA26EA02ED00FF40AD /* WultraPowerAuthNetworking.xcframework */ = {isa = PBXFileReference; lastKnownFileType = wrapper.xcframework; name = WultraPowerAuthNetworking.xcframework; path = Carthage/Build/WultraPowerAuthNetworking.xcframework; sourceTree = "<group>"; };
		DCA43C6A29927C960059A163 /* WMTOperationAttributeAmountConversion.swift */ = {isa = PBXFileReference; lastKnownFileType = sourcecode.swift; path = WMTOperationAttributeAmountConversion.swift; sourceTree = "<group>"; };
		DCA43C6C2993F63E0059A163 /* WMTOperationAttributeImage.swift */ = {isa = PBXFileReference; lastKnownFileType = sourcecode.swift; path = WMTOperationAttributeImage.swift; sourceTree = "<group>"; };
		DCAB7BC724580B4C0006989D /* WMTQROperationParser.swift */ = {isa = PBXFileReference; lastKnownFileType = sourcecode.swift; path = WMTQROperationParser.swift; sourceTree = "<group>"; };
		DCAB7BC924580BAC0006989D /* WMTQROperation.swift */ = {isa = PBXFileReference; lastKnownFileType = sourcecode.swift; path = WMTQROperation.swift; sourceTree = "<group>"; };
		DCC3420324E3DB310045D27D /* WMTPushParser.swift */ = {isa = PBXFileReference; lastKnownFileType = sourcecode.swift; path = WMTPushParser.swift; sourceTree = "<group>"; };
		DCC5CC9A2449EE21004679AC /* WultraMobileTokenSDK.framework */ = {isa = PBXFileReference; explicitFileType = wrapper.framework; includeInIndex = 0; path = WultraMobileTokenSDK.framework; sourceTree = BUILT_PRODUCTS_DIR; };
		DCC5CC9D2449EE21004679AC /* MobileTokenSDK.h */ = {isa = PBXFileReference; lastKnownFileType = sourcecode.c.h; path = MobileTokenSDK.h; sourceTree = "<group>"; };
		DCC5CC9E2449EE21004679AC /* Info.plist */ = {isa = PBXFileReference; lastKnownFileType = text.plist.xml; path = Info.plist; sourceTree = "<group>"; };
		DCC5CCA82449F2B1004679AC /* Config.xcconfig */ = {isa = PBXFileReference; lastKnownFileType = text.xcconfig; path = Config.xcconfig; sourceTree = "<group>"; };
		DCC5CCA92449F2E1004679AC /* Debug.xcconfig */ = {isa = PBXFileReference; lastKnownFileType = text.xcconfig; path = Debug.xcconfig; sourceTree = "<group>"; };
		DCC5CCAA2449F2ED004679AC /* Release.xcconfig */ = {isa = PBXFileReference; lastKnownFileType = text.xcconfig; path = Release.xcconfig; sourceTree = "<group>"; };
		DCC5CCAB2449F765004679AC /* WMTOperationsImpl.swift */ = {isa = PBXFileReference; lastKnownFileType = sourcecode.swift; path = WMTOperationsImpl.swift; sourceTree = "<group>"; };
		DCC5CCAD2449F7AC004679AC /* WMTUserOperation.swift */ = {isa = PBXFileReference; lastKnownFileType = sourcecode.swift; path = WMTUserOperation.swift; sourceTree = "<group>"; };
		DCC5CCB02449F81C004679AC /* WMTOperationFormData.swift */ = {isa = PBXFileReference; lastKnownFileType = sourcecode.swift; path = WMTOperationFormData.swift; sourceTree = "<group>"; };
		DCC5CCB22449F8CD004679AC /* WMTOperationAttribute.swift */ = {isa = PBXFileReference; lastKnownFileType = sourcecode.swift; path = WMTOperationAttribute.swift; sourceTree = "<group>"; };
		DCC5CCB42449F8E9004679AC /* WMTOperationAttributeAmount.swift */ = {isa = PBXFileReference; lastKnownFileType = sourcecode.swift; path = WMTOperationAttributeAmount.swift; sourceTree = "<group>"; };
		DCC5CCB82449F93C004679AC /* WMTOperationAttributeKeyValue.swift */ = {isa = PBXFileReference; lastKnownFileType = sourcecode.swift; path = WMTOperationAttributeKeyValue.swift; sourceTree = "<group>"; };
		DCC5CCBA2449F952004679AC /* WMTOperationAttributeNote.swift */ = {isa = PBXFileReference; lastKnownFileType = sourcecode.swift; path = WMTOperationAttributeNote.swift; sourceTree = "<group>"; };
		DCC5CCBC2449F965004679AC /* WMTOperationAttributeHeading.swift */ = {isa = PBXFileReference; lastKnownFileType = sourcecode.swift; path = WMTOperationAttributeHeading.swift; sourceTree = "<group>"; };
		DCC5CCBE2449F981004679AC /* WMTOperationAttributePartyInfo.swift */ = {isa = PBXFileReference; lastKnownFileType = sourcecode.swift; path = WMTOperationAttributePartyInfo.swift; sourceTree = "<group>"; };
		DCC5CCCD244DB0AD004679AC /* WMTLogger.swift */ = {isa = PBXFileReference; lastKnownFileType = sourcecode.swift; path = WMTLogger.swift; sourceTree = "<group>"; };
		DCC5CCD3244DBA1C004679AC /* WMTOperationEndpoints.swift */ = {isa = PBXFileReference; lastKnownFileType = sourcecode.swift; path = WMTOperationEndpoints.swift; sourceTree = "<group>"; };
		DCC5CCD5244DBB7F004679AC /* WMTPushRegistrationData.swift */ = {isa = PBXFileReference; lastKnownFileType = sourcecode.swift; path = WMTPushRegistrationData.swift; sourceTree = "<group>"; };
		DCC5CCD7244DBBBD004679AC /* WMTAuthorizationData.swift */ = {isa = PBXFileReference; lastKnownFileType = sourcecode.swift; path = WMTAuthorizationData.swift; sourceTree = "<group>"; };
		DCC5CCD9244DBBE2004679AC /* WMTRejectionData.swift */ = {isa = PBXFileReference; lastKnownFileType = sourcecode.swift; path = WMTRejectionData.swift; sourceTree = "<group>"; };
		DCD8B335246C1BAF00385F02 /* WMTRejectionReason.swift */ = {isa = PBXFileReference; lastKnownFileType = sourcecode.swift; path = WMTRejectionReason.swift; sourceTree = "<group>"; };
		DCE5EAAF26BD81150061861A /* WMTOperationHistoryEntry.swift */ = {isa = PBXFileReference; lastKnownFileType = sourcecode.swift; path = WMTOperationHistoryEntry.swift; sourceTree = "<group>"; };
		DCE660D024CEBECA00870E53 /* IntegrationTests.swift */ = {isa = PBXFileReference; lastKnownFileType = sourcecode.swift; path = IntegrationTests.swift; sourceTree = "<group>"; };
		DCE660D224CEF56400870E53 /* IntegrationProxy.swift */ = {isa = PBXFileReference; lastKnownFileType = sourcecode.swift; path = IntegrationProxy.swift; sourceTree = "<group>"; };
		EA294F3C29F6A07A00A0494E /* WMTOperationUIData.swift */ = {isa = PBXFileReference; lastKnownFileType = sourcecode.swift; path = WMTOperationUIData.swift; sourceTree = "<group>"; };
		EA44366929F9294600DDEC1C /* WMTPostApprovaScreenReview.swift */ = {isa = PBXFileReference; lastKnownFileType = sourcecode.swift; path = WMTPostApprovaScreenReview.swift; sourceTree = "<group>"; };
		EA44366B29F9297100DDEC1C /* WMTPostApprovaScreenRedirect.swift */ = {isa = PBXFileReference; lastKnownFileType = sourcecode.swift; path = WMTPostApprovaScreenRedirect.swift; sourceTree = "<group>"; };
		EA44366D29F9298100DDEC1C /* WMTPostApprovaScreenGeneric.swift */ = {isa = PBXFileReference; lastKnownFileType = sourcecode.swift; path = WMTPostApprovaScreenGeneric.swift; sourceTree = "<group>"; };
		EA6DDF0E29F8036B0011E234 /* WMTPreApprovalScreen.swift */ = {isa = PBXFileReference; lastKnownFileType = sourcecode.swift; path = WMTPreApprovalScreen.swift; sourceTree = "<group>"; };
		EA6DDF1929F804D60011E234 /* WMTPostApprovalScreen.swift */ = {isa = PBXFileReference; lastKnownFileType = sourcecode.swift; path = WMTPostApprovalScreen.swift; sourceTree = "<group>"; };
		EA6DDF1B29F807230011E234 /* OperationUIDataTests.swift */ = {isa = PBXFileReference; lastKnownFileType = sourcecode.swift; path = OperationUIDataTests.swift; sourceTree = "<group>"; };
		EA7A6E572B0E639800C1D4F4 /* WMTOperationDetailRequest.swift */ = {isa = PBXFileReference; lastKnownFileType = sourcecode.swift; path = WMTOperationDetailRequest.swift; sourceTree = "<group>"; };
		EA9CE2BD2AEAA9FD00FE4E35 /* WMTProximityCheck.swift */ = {isa = PBXFileReference; fileEncoding = 4; lastKnownFileType = sourcecode.swift; path = WMTProximityCheck.swift; sourceTree = "<group>"; };
		EA9CE2C12AEBDB0D00FE4E35 /* WMTPACUtils.swift */ = {isa = PBXFileReference; fileEncoding = 4; lastKnownFileType = sourcecode.swift; path = WMTPACUtils.swift; sourceTree = "<group>"; };
		EAB705492AF1161500756AC2 /* PACParserTests.swift */ = {isa = PBXFileReference; lastKnownFileType = sourcecode.swift; path = PACParserTests.swift; sourceTree = "<group>"; };
		EACAF7AF2A126B7D0021CA54 /* WMTJsonValue.swift */ = {isa = PBXFileReference; lastKnownFileType = sourcecode.swift; path = WMTJsonValue.swift; sourceTree = "<group>"; };
/* End PBXFileReference section */

/* Begin PBXFrameworksBuildPhase section */
		DC616230248508F8000DED17 /* Frameworks */ = {
			isa = PBXFrameworksBuildPhase;
			buildActionMask = 2147483647;
			files = (
				DC848E2426B1782900EBFA6C /* PowerAuthCore.xcframework in Frameworks */,
				DC848E2226B1782900EBFA6C /* PowerAuth2.xcframework in Frameworks */,
				DC616238248508F8000DED17 /* WultraMobileTokenSDK.framework in Frameworks */,
			);
			runOnlyForDeploymentPostprocessing = 0;
		};
		DCC5CC972449EE21004679AC /* Frameworks */ = {
			isa = PBXFrameworksBuildPhase;
			buildActionMask = 2147483647;
			files = (
				DC9511FB26EA02ED00FF40AD /* WultraPowerAuthNetworking.xcframework in Frameworks */,
				DC848E2126B16C2400EBFA6C /* PowerAuth2.xcframework in Frameworks */,
			);
			runOnlyForDeploymentPostprocessing = 0;
		};
/* End PBXFrameworksBuildPhase section */

/* Begin PBXGroup section */
		BFEEB20329379C3D0047941D /* Requests */ = {
			isa = PBXGroup;
			children = (
				BFEEB2082937A2680047941D /* WMTInboxGetList.swift */,
				BFEEB20429379C700047941D /* WMTInboxGetMessageDetail.swift */,
				BFEEB20629379F960047941D /* WMTInboxSetMessageRead.swift */,
			);
			path = Requests;
			sourceTree = "<group>";
		};
		DC0268DD29965473000BB9FA /* Responses */ = {
			isa = PBXGroup;
			children = (
				DC0268DE29965495000BB9FA /* WMTOperationListResponse.swift */,
			);
			path = Responses;
			sourceTree = "<group>";
		};
		DC059A3C244DD30900B24878 /* Attributes */ = {
			isa = PBXGroup;
			children = (
				DCC5CCB22449F8CD004679AC /* WMTOperationAttribute.swift */,
				DCC5CCB42449F8E9004679AC /* WMTOperationAttributeAmount.swift */,
				DCC5CCB82449F93C004679AC /* WMTOperationAttributeKeyValue.swift */,
				DCC5CCBA2449F952004679AC /* WMTOperationAttributeNote.swift */,
				DCC5CCBC2449F965004679AC /* WMTOperationAttributeHeading.swift */,
				DCC5CCBE2449F981004679AC /* WMTOperationAttributePartyInfo.swift */,
				DCA43C6A29927C960059A163 /* WMTOperationAttributeAmountConversion.swift */,
				DCA43C6C2993F63E0059A163 /* WMTOperationAttributeImage.swift */,
			);
			path = Attributes;
			sourceTree = "<group>";
		};
		DC3D0B352480F368000DC4D9 /* UserOperation */ = {
			isa = PBXGroup;
			children = (
				EA6DDF0D29F8031F0011E234 /* Screens */,
				DC059A3C244DD30900B24878 /* Attributes */,
				DCC5CCAD2449F7AC004679AC /* WMTUserOperation.swift */,
				DCC5CCB02449F81C004679AC /* WMTOperationFormData.swift */,
				DC8CB205244DD007009DDAA3 /* WMTAllowedOperationSignature.swift */,
				DCE5EAAF26BD81150061861A /* WMTOperationHistoryEntry.swift */,
				EA294F3C29F6A07A00A0494E /* WMTOperationUIData.swift */,
				EA9CE2BD2AEAA9FD00FE4E35 /* WMTProximityCheck.swift */,
			);
			path = UserOperation;
			sourceTree = "<group>";
		};
		DC488034292282FF00DB844B /* Inbox */ = {
			isa = PBXGroup;
			children = (
				DC488035292282FF00DB844B /* WMTInbox.swift */,
				DC488036292282FF00DB844B /* Model */,
				DC48803A292282FF00DB844B /* Service */,
			);
			path = Inbox;
			sourceTree = "<group>";
		};
		DC488036292282FF00DB844B /* Model */ = {
			isa = PBXGroup;
			children = (
				BFEEB20329379C3D0047941D /* Requests */,
				DC488037292282FF00DB844B /* WMTInboxMessage.swift */,
				DC488038292282FF00DB844B /* WMTInboxMessageDetail.swift */,
				BF53DFC72971905600829814 /* WMTInboxContentType.swift */,
				DC488039292282FF00DB844B /* WMTInboxCount.swift */,
			);
			path = Model;
			sourceTree = "<group>";
		};
		DC48803A292282FF00DB844B /* Service */ = {
			isa = PBXGroup;
			children = (
				DC48803B292282FF00DB844B /* WMTInboxEndpoints.swift */,
				DC48803C292282FF00DB844B /* WMTInboxImpl.swift */,
			);
			path = Service;
			sourceTree = "<group>";
		};
		DC616234248508F8000DED17 /* WultraMobileTokenSDKTests */ = {
			isa = PBXGroup;
			children = (
				DC5F6DE724E14FA100D351D3 /* Configs */,
				DC616237248508F8000DED17 /* Info.plist */,
				DC61624124852B6D000DED17 /* NetworkingObjectsTests.swift */,
				EA6DDF1B29F807230011E234 /* OperationUIDataTests.swift */,
				DCE660D024CEBECA00870E53 /* IntegrationTests.swift */,
				DCE660D224CEF56400870E53 /* IntegrationProxy.swift */,
				DC395C0924E55B9B0007C36E /* PushParserTests.swift */,
				DC6EDB7825A49ED900A229E4 /* OperationExpirationTests.swift */,
				DC616235248508F8000DED17 /* QROperationParserTests.swift */,
				EAB705492AF1161500756AC2 /* PACParserTests.swift */,
			);
			path = WultraMobileTokenSDKTests;
			sourceTree = "<group>";
		};
		DC61623E24850F09000DED17 /* Frameworks */ = {
			isa = PBXGroup;
			children = (
				DC9511FA26EA02ED00FF40AD /* WultraPowerAuthNetworking.xcframework */,
				DC848E2326B1782900EBFA6C /* PowerAuthCore.xcframework */,
				DC848E2026B16C2400EBFA6C /* PowerAuth2.xcframework */,
			);
			name = Frameworks;
			sourceTree = "<group>";
		};
		DC6E52D4259C959900FC25BE /* Utils */ = {
			isa = PBXGroup;
			children = (
				EA9CE2C12AEBDB0D00FE4E35 /* WMTPACUtils.swift */,
				DC6E52D5259C964600FC25BE /* WMTOperationExpirationWatcher.swift */,
				EACAF7AF2A126B7D0021CA54 /* WMTJsonValue.swift */,
			);
			path = Utils;
			sourceTree = "<group>";
		};
		DC76D01A2452E92D009F2DFC /* Service */ = {
			isa = PBXGroup;
			children = (
				DCC5CCAB2449F765004679AC /* WMTOperationsImpl.swift */,
				DCC5CCD3244DBA1C004679AC /* WMTOperationEndpoints.swift */,
			);
			path = Service;
			sourceTree = "<group>";
		};
		DC76D01B24531413009F2DFC /* Service */ = {
			isa = PBXGroup;
			children = (
				DC81D1CA244F451E00F80CD6 /* WMTPushImpl.swift */,
				DC81D1C8244F38DB00F80CD6 /* WMTPushEndpoints.swift */,
			);
			path = Service;
			sourceTree = "<group>";
		};
		DC81D1C5244F302300F80CD6 /* Operations */ = {
			isa = PBXGroup;
			children = (
				DC8CB201244DCBE2009DDAA3 /* WMTOperations.swift */,
				DCAB7BC624580B2B0006989D /* QR */,
				DC76D01A2452E92D009F2DFC /* Service */,
				DCC5CCAF2449F7FA004679AC /* Model */,
				DC6E52D4259C959900FC25BE /* Utils */,
			);
			path = Operations;
			sourceTree = "<group>";
		};
		DC81D1C6244F357900F80CD6 /* Push */ = {
			isa = PBXGroup;
			children = (
				DC81D1CC244F640600F80CD6 /* WMTPush.swift */,
				DCC3420324E3DB310045D27D /* WMTPushParser.swift */,
				DC76D01B24531413009F2DFC /* Service */,
				DC81D1C7244F382800F80CD6 /* Model */,
			);
			path = Push;
			sourceTree = "<group>";
		};
		DC81D1C7244F382800F80CD6 /* Model */ = {
			isa = PBXGroup;
			children = (
				DCC5CCD5244DBB7F004679AC /* WMTPushRegistrationData.swift */,
			);
			path = Model;
			sourceTree = "<group>";
		};
		DC81D1CE24502E0300F80CD6 /* Common */ = {
			isa = PBXGroup;
			children = (
				BFEEB20A2937AD700047941D /* WMTCancellable.swift */,
				DC488030292282C900DB844B /* WMTService.swift */,
				DCC5CCCD244DB0AD004679AC /* WMTLogger.swift */,
				DC06D01E25AC74E400F2EA69 /* WMTLock.swift */,
				DC9511F826EA02C100FF40AD /* WPNIntegration.swift */,
			);
			path = Common;
			sourceTree = "<group>";
		};
		DCAB7BC624580B2B0006989D /* QR */ = {
			isa = PBXGroup;
			children = (
				DCAB7BC724580B4C0006989D /* WMTQROperationParser.swift */,
				DCAB7BC924580BAC0006989D /* WMTQROperation.swift */,
			);
			path = QR;
			sourceTree = "<group>";
		};
		DCC5CC902449EE21004679AC = {
			isa = PBXGroup;
			children = (
				DCC5CC9C2449EE21004679AC /* WultraMobileTokenSDK */,
				DC616234248508F8000DED17 /* WultraMobileTokenSDKTests */,
				DCC5CC9B2449EE21004679AC /* Products */,
				DC61623E24850F09000DED17 /* Frameworks */,
			);
			sourceTree = "<group>";
		};
		DCC5CC9B2449EE21004679AC /* Products */ = {
			isa = PBXGroup;
			children = (
				DCC5CC9A2449EE21004679AC /* WultraMobileTokenSDK.framework */,
				DC616233248508F8000DED17 /* WultraMobileTokenSDKTests.xctest */,
			);
			name = Products;
			sourceTree = "<group>";
		};
		DCC5CC9C2449EE21004679AC /* WultraMobileTokenSDK */ = {
			isa = PBXGroup;
			children = (
				DC81D1CE24502E0300F80CD6 /* Common */,
				DC81D1C5244F302300F80CD6 /* Operations */,
				DC81D1C6244F357900F80CD6 /* Push */,
				DC488034292282FF00DB844B /* Inbox */,
				DCC5CC9D2449EE21004679AC /* MobileTokenSDK.h */,
				DCC5CC9E2449EE21004679AC /* Info.plist */,
				DCC5CCA72449F27B004679AC /* ConfigFiles */,
			);
			path = WultraMobileTokenSDK;
			sourceTree = "<group>";
		};
		DCC5CCA72449F27B004679AC /* ConfigFiles */ = {
			isa = PBXGroup;
			children = (
				DCC5CCA82449F2B1004679AC /* Config.xcconfig */,
				DCC5CCA92449F2E1004679AC /* Debug.xcconfig */,
				DCC5CCAA2449F2ED004679AC /* Release.xcconfig */,
			);
			path = ConfigFiles;
			sourceTree = "<group>";
		};
		DCC5CCAF2449F7FA004679AC /* Model */ = {
			isa = PBXGroup;
			children = (
				DC3D0B352480F368000DC4D9 /* UserOperation */,
				DCD8B337246C1BD800385F02 /* Requests */,
				DC0268DD29965473000BB9FA /* Responses */,
				DCD8B335246C1BAF00385F02 /* WMTRejectionReason.swift */,
				DC3D0B362480F3C7000DC4D9 /* WMTOperation.swift */,
				DC3D0B382480F886000DC4D9 /* WMTLocalOperation.swift */,
			);
			path = Model;
			sourceTree = "<group>";
		};
		DCD8B337246C1BD800385F02 /* Requests */ = {
			isa = PBXGroup;
			children = (
				DCC5CCD7244DBBBD004679AC /* WMTAuthorizationData.swift */,
				DCC5CCD9244DBBE2004679AC /* WMTRejectionData.swift */,
				EA7A6E572B0E639800C1D4F4 /* WMTOperationDetailRequest.swift */,
			);
			path = Requests;
			sourceTree = "<group>";
		};
		EA6DDF0D29F8031F0011E234 /* Screens */ = {
			isa = PBXGroup;
			children = (
				EA6DDF0E29F8036B0011E234 /* WMTPreApprovalScreen.swift */,
				EA6DDF1929F804D60011E234 /* WMTPostApprovalScreen.swift */,
				EA44366B29F9297100DDEC1C /* WMTPostApprovaScreenRedirect.swift */,
				EA44366929F9294600DDEC1C /* WMTPostApprovaScreenReview.swift */,
				EA44366D29F9298100DDEC1C /* WMTPostApprovaScreenGeneric.swift */,
			);
			path = Screens;
			sourceTree = "<group>";
		};
/* End PBXGroup section */

/* Begin PBXHeadersBuildPhase section */
		DCC5CC952449EE21004679AC /* Headers */ = {
			isa = PBXHeadersBuildPhase;
			buildActionMask = 2147483647;
			files = (
				DCC5CC9F2449EE21004679AC /* MobileTokenSDK.h in Headers */,
			);
			runOnlyForDeploymentPostprocessing = 0;
		};
/* End PBXHeadersBuildPhase section */

/* Begin PBXNativeTarget section */
		DC616232248508F8000DED17 /* WultraMobileTokenSDKTests */ = {
			isa = PBXNativeTarget;
			buildConfigurationList = DC61623D248508F8000DED17 /* Build configuration list for PBXNativeTarget "WultraMobileTokenSDKTests" */;
			buildPhases = (
				DC61622F248508F8000DED17 /* Sources */,
				DC616230248508F8000DED17 /* Frameworks */,
				DC616231248508F8000DED17 /* Resources */,
			);
			buildRules = (
			);
			dependencies = (
				DC61623A248508F8000DED17 /* PBXTargetDependency */,
			);
			name = WultraMobileTokenSDKTests;
			productName = WultraMobileTokenSDKTests;
			productReference = DC616233248508F8000DED17 /* WultraMobileTokenSDKTests.xctest */;
			productType = "com.apple.product-type.bundle.unit-test";
		};
		DCC5CC992449EE21004679AC /* WultraMobileTokenSDK */ = {
			isa = PBXNativeTarget;
			buildConfigurationList = DCC5CCA22449EE21004679AC /* Build configuration list for PBXNativeTarget "WultraMobileTokenSDK" */;
			buildPhases = (
				DCC5CC952449EE21004679AC /* Headers */,
				DCC5CC962449EE21004679AC /* Sources */,
				DCC5CC972449EE21004679AC /* Frameworks */,
				DCC5CC982449EE21004679AC /* Resources */,
				DCDA0A3128A6851400EDB6D4 /* Swift Lint */,
			);
			buildRules = (
			);
			dependencies = (
			);
			name = WultraMobileTokenSDK;
			productName = MobileTokenSDK;
			productReference = DCC5CC9A2449EE21004679AC /* WultraMobileTokenSDK.framework */;
			productType = "com.apple.product-type.framework";
		};
/* End PBXNativeTarget section */

/* Begin PBXProject section */
		DCC5CC912449EE21004679AC /* Project object */ = {
			isa = PBXProject;
			attributes = {
				LastSwiftUpdateCheck = 1140;
				LastUpgradeCheck = 1230;
				ORGANIZATIONNAME = Wultra;
				TargetAttributes = {
					DC616232248508F8000DED17 = {
						CreatedOnToolsVersion = 11.4.1;
					};
					DCC5CC992449EE21004679AC = {
						CreatedOnToolsVersion = 11.4;
						LastSwiftMigration = 1140;
					};
				};
			};
			buildConfigurationList = DCC5CC942449EE21004679AC /* Build configuration list for PBXProject "WultraMobileTokenSDK" */;
			compatibilityVersion = "Xcode 9.3";
			developmentRegion = en;
			hasScannedForEncodings = 0;
			knownRegions = (
				en,
				Base,
			);
			mainGroup = DCC5CC902449EE21004679AC;
			productRefGroup = DCC5CC9B2449EE21004679AC /* Products */;
			projectDirPath = "";
			projectRoot = "";
			targets = (
				DCC5CC992449EE21004679AC /* WultraMobileTokenSDK */,
				DC616232248508F8000DED17 /* WultraMobileTokenSDKTests */,
			);
		};
/* End PBXProject section */

/* Begin PBXResourcesBuildPhase section */
		DC616231248508F8000DED17 /* Resources */ = {
			isa = PBXResourcesBuildPhase;
			buildActionMask = 2147483647;
			files = (
				DC5F6DE824E14FA100D351D3 /* Configs in Resources */,
			);
			runOnlyForDeploymentPostprocessing = 0;
		};
		DCC5CC982449EE21004679AC /* Resources */ = {
			isa = PBXResourcesBuildPhase;
			buildActionMask = 2147483647;
			files = (
			);
			runOnlyForDeploymentPostprocessing = 0;
		};
/* End PBXResourcesBuildPhase section */

/* Begin PBXShellScriptBuildPhase section */
		DCDA0A3128A6851400EDB6D4 /* Swift Lint */ = {
			isa = PBXShellScriptBuildPhase;
			alwaysOutOfDate = 1;
			buildActionMask = 2147483647;
			files = (
			);
			inputFileListPaths = (
			);
			inputPaths = (
			);
			name = "Swift Lint";
			outputFileListPaths = (
			);
			outputPaths = (
			);
			runOnlyForDeploymentPostprocessing = 0;
			shellPath = /bin/sh;
			shellScript = "if ! [ -x \"$(command -v swiftlint)\" ]; then\n  echo 'warning: swiftlint is not installed on this computer.' >&2\n  exit 0\nfi\n\nswiftlint\n";
		};
/* End PBXShellScriptBuildPhase section */

/* Begin PBXSourcesBuildPhase section */
		DC61622F248508F8000DED17 /* Sources */ = {
			isa = PBXSourcesBuildPhase;
			buildActionMask = 2147483647;
			files = (
				DC61624224852B6D000DED17 /* NetworkingObjectsTests.swift in Sources */,
				DC395C0A24E55B9B0007C36E /* PushParserTests.swift in Sources */,
				DC6EDB7925A49ED900A229E4 /* OperationExpirationTests.swift in Sources */,
				EAB7054A2AF1161500756AC2 /* PACParserTests.swift in Sources */,
				DC616236248508F8000DED17 /* QROperationParserTests.swift in Sources */,
				EA6DDF1C29F807230011E234 /* OperationUIDataTests.swift in Sources */,
				DCE660D124CEBECA00870E53 /* IntegrationTests.swift in Sources */,
				DCE660D324CEF56400870E53 /* IntegrationProxy.swift in Sources */,
			);
			runOnlyForDeploymentPostprocessing = 0;
		};
		DCC5CC962449EE21004679AC /* Sources */ = {
			isa = PBXSourcesBuildPhase;
			buildActionMask = 2147483647;
			files = (
				DC81D1C9244F38DB00F80CD6 /* WMTPushEndpoints.swift in Sources */,
				DC0268DF29965495000BB9FA /* WMTOperationListResponse.swift in Sources */,
				DC8CB202244DCBE2009DDAA3 /* WMTOperations.swift in Sources */,
				DC48803E292282FF00DB844B /* WMTInboxMessage.swift in Sources */,
				DCC5CCB52449F8E9004679AC /* WMTOperationAttributeAmount.swift in Sources */,
				DCC5CCD6244DBB7F004679AC /* WMTPushRegistrationData.swift in Sources */,
				DC3D0B392480F886000DC4D9 /* WMTLocalOperation.swift in Sources */,
				DCD8B336246C1BAF00385F02 /* WMTRejectionReason.swift in Sources */,
				DCC5CCD8244DBBBD004679AC /* WMTAuthorizationData.swift in Sources */,
				DC488040292282FF00DB844B /* WMTInboxCount.swift in Sources */,
				DCA43C6B29927C960059A163 /* WMTOperationAttributeAmountConversion.swift in Sources */,
				DC3D0B372480F3C7000DC4D9 /* WMTOperation.swift in Sources */,
				BFEEB20B2937AD700047941D /* WMTCancellable.swift in Sources */,
				DC81D1CD244F640600F80CD6 /* WMTPush.swift in Sources */,
				DC6E52D6259C964600FC25BE /* WMTOperationExpirationWatcher.swift in Sources */,
				DCC5CCDA244DBBE2004679AC /* WMTRejectionData.swift in Sources */,
				DC48803F292282FF00DB844B /* WMTInboxMessageDetail.swift in Sources */,
				EA6DDF0F29F8036B0011E234 /* WMTPreApprovalScreen.swift in Sources */,
				DCAB7BC824580B4C0006989D /* WMTQROperationParser.swift in Sources */,
				EA44366C29F9297100DDEC1C /* WMTPostApprovaScreenRedirect.swift in Sources */,
				DCC5CCB12449F81C004679AC /* WMTOperationFormData.swift in Sources */,
				DCC5CCD4244DBA1C004679AC /* WMTOperationEndpoints.swift in Sources */,
				DC488031292282C900DB844B /* WMTService.swift in Sources */,
				EA6DDF1A29F804D60011E234 /* WMTPostApprovalScreen.swift in Sources */,
				DCC5CCB92449F93C004679AC /* WMTOperationAttributeKeyValue.swift in Sources */,
				DCC5CCBB2449F952004679AC /* WMTOperationAttributeNote.swift in Sources */,
				BFEEB2092937A2680047941D /* WMTInboxGetList.swift in Sources */,
				BFEEB20729379F960047941D /* WMTInboxSetMessageRead.swift in Sources */,
				EA44366A29F9294600DDEC1C /* WMTPostApprovaScreenReview.swift in Sources */,
				EA9CE2C22AEBDB0D00FE4E35 /* WMTPACUtils.swift in Sources */,
				EA294F3D29F6A07A00A0494E /* WMTOperationUIData.swift in Sources */,
				DCC5CCB32449F8CD004679AC /* WMTOperationAttribute.swift in Sources */,
				DCC5CCAC2449F765004679AC /* WMTOperationsImpl.swift in Sources */,
				DC06D01F25AC74E400F2EA69 /* WMTLock.swift in Sources */,
				DCC5CCCE244DB0AD004679AC /* WMTLogger.swift in Sources */,
				DCC5CCAE2449F7AC004679AC /* WMTUserOperation.swift in Sources */,
				DC9511F926EA02C100FF40AD /* WPNIntegration.swift in Sources */,
				DCC5CCBD2449F965004679AC /* WMTOperationAttributeHeading.swift in Sources */,
				DC8CB206244DD007009DDAA3 /* WMTAllowedOperationSignature.swift in Sources */,
				DCC3420424E3DB310045D27D /* WMTPushParser.swift in Sources */,
				BFEEB20529379C700047941D /* WMTInboxGetMessageDetail.swift in Sources */,
				DCE5EAB026BD81150061861A /* WMTOperationHistoryEntry.swift in Sources */,
				EACAF7B02A126B7D0021CA54 /* WMTJsonValue.swift in Sources */,
				DCAB7BCA24580BAC0006989D /* WMTQROperation.swift in Sources */,
				DCC5CCBF2449F981004679AC /* WMTOperationAttributePartyInfo.swift in Sources */,
				DC81D1CB244F451E00F80CD6 /* WMTPushImpl.swift in Sources */,
				EA9CE2BE2AEAA9FD00FE4E35 /* WMTProximityCheck.swift in Sources */,
				DC488041292282FF00DB844B /* WMTInboxEndpoints.swift in Sources */,
				BF53DFC82971905600829814 /* WMTInboxContentType.swift in Sources */,
				DCA43C6D2993F63E0059A163 /* WMTOperationAttributeImage.swift in Sources */,
				EA44366E29F9298100DDEC1C /* WMTPostApprovaScreenGeneric.swift in Sources */,
				DC48803D292282FF00DB844B /* WMTInbox.swift in Sources */,
				DC488042292282FF00DB844B /* WMTInboxImpl.swift in Sources */,
				EA7A6E582B0E639800C1D4F4 /* WMTOperationDetailRequest.swift in Sources */,
			);
			runOnlyForDeploymentPostprocessing = 0;
		};
/* End PBXSourcesBuildPhase section */

/* Begin PBXTargetDependency section */
		DC61623A248508F8000DED17 /* PBXTargetDependency */ = {
			isa = PBXTargetDependency;
			target = DCC5CC992449EE21004679AC /* WultraMobileTokenSDK */;
			targetProxy = DC616239248508F8000DED17 /* PBXContainerItemProxy */;
		};
/* End PBXTargetDependency section */

/* Begin XCBuildConfiguration section */
		DC61623B248508F8000DED17 /* Debug */ = {
			isa = XCBuildConfiguration;
			buildSettings = {
				CODE_SIGN_STYLE = Automatic;
				DEVELOPMENT_TEAM = KTT9G859MR;
				INFOPLIST_FILE = WultraMobileTokenSDKTests/Info.plist;
				LD_RUNPATH_SEARCH_PATHS = (
					"$(inherited)",
					"@executable_path/Frameworks",
					"@loader_path/Frameworks",
					"$(PROJECT_DIR)/Carthage/Build/iOS",
				);
				PRODUCT_BUNDLE_IDENTIFIER = com.wultra.WultraMobileTokenSDKTests;
				PRODUCT_NAME = "$(TARGET_NAME)";
				SWIFT_VERSION = 5.0;
				TARGETED_DEVICE_FAMILY = "1,2";
			};
			name = Debug;
		};
		DC61623C248508F8000DED17 /* Release */ = {
			isa = XCBuildConfiguration;
			buildSettings = {
				CODE_SIGN_STYLE = Automatic;
				DEVELOPMENT_TEAM = KTT9G859MR;
				INFOPLIST_FILE = WultraMobileTokenSDKTests/Info.plist;
				LD_RUNPATH_SEARCH_PATHS = (
					"$(inherited)",
					"@executable_path/Frameworks",
					"@loader_path/Frameworks",
					"$(PROJECT_DIR)/Carthage/Build/iOS",
				);
				PRODUCT_BUNDLE_IDENTIFIER = com.wultra.WultraMobileTokenSDKTests;
				PRODUCT_NAME = "$(TARGET_NAME)";
				SWIFT_VERSION = 5.0;
				TARGETED_DEVICE_FAMILY = "1,2";
			};
			name = Release;
		};
		DCC5CCA02449EE21004679AC /* Debug */ = {
			isa = XCBuildConfiguration;
			baseConfigurationReference = DCC5CCA92449F2E1004679AC /* Debug.xcconfig */;
			buildSettings = {
				ALWAYS_SEARCH_USER_PATHS = NO;
				CLANG_ANALYZER_NONNULL = YES;
				CLANG_ANALYZER_NUMBER_OBJECT_CONVERSION = YES_AGGRESSIVE;
				CLANG_CXX_LANGUAGE_STANDARD = "gnu++14";
				CLANG_CXX_LIBRARY = "libc++";
				CLANG_ENABLE_MODULES = YES;
				CLANG_ENABLE_OBJC_ARC = YES;
				CLANG_ENABLE_OBJC_WEAK = YES;
				CLANG_WARN_BLOCK_CAPTURE_AUTORELEASING = YES;
				CLANG_WARN_BOOL_CONVERSION = YES;
				CLANG_WARN_COMMA = YES;
				CLANG_WARN_CONSTANT_CONVERSION = YES;
				CLANG_WARN_DEPRECATED_OBJC_IMPLEMENTATIONS = YES;
				CLANG_WARN_DIRECT_OBJC_ISA_USAGE = YES_ERROR;
				CLANG_WARN_DOCUMENTATION_COMMENTS = YES;
				CLANG_WARN_EMPTY_BODY = YES;
				CLANG_WARN_ENUM_CONVERSION = YES;
				CLANG_WARN_INFINITE_RECURSION = YES;
				CLANG_WARN_INT_CONVERSION = YES;
				CLANG_WARN_NON_LITERAL_NULL_CONVERSION = YES;
				CLANG_WARN_OBJC_IMPLICIT_RETAIN_SELF = YES;
				CLANG_WARN_OBJC_LITERAL_CONVERSION = YES;
				CLANG_WARN_OBJC_ROOT_CLASS = YES_ERROR;
				CLANG_WARN_QUOTED_INCLUDE_IN_FRAMEWORK_HEADER = YES;
				CLANG_WARN_RANGE_LOOP_ANALYSIS = YES;
				CLANG_WARN_STRICT_PROTOTYPES = YES;
				CLANG_WARN_SUSPICIOUS_MOVE = YES;
				CLANG_WARN_UNGUARDED_AVAILABILITY = YES_AGGRESSIVE;
				CLANG_WARN_UNREACHABLE_CODE = YES;
				CLANG_WARN__DUPLICATE_METHOD_MATCH = YES;
				COPY_PHASE_STRIP = NO;
				CURRENT_PROJECT_VERSION = 1;
				DEBUG_INFORMATION_FORMAT = dwarf;
				ENABLE_STRICT_OBJC_MSGSEND = YES;
				ENABLE_TESTABILITY = YES;
				GCC_C_LANGUAGE_STANDARD = gnu11;
				GCC_DYNAMIC_NO_PIC = NO;
				GCC_NO_COMMON_BLOCKS = YES;
				GCC_OPTIMIZATION_LEVEL = 0;
				GCC_PREPROCESSOR_DEFINITIONS = (
					"DEBUG=1",
					"$(inherited)",
				);
				GCC_WARN_64_TO_32_BIT_CONVERSION = YES;
				GCC_WARN_ABOUT_RETURN_TYPE = YES_ERROR;
				GCC_WARN_UNDECLARED_SELECTOR = YES;
				GCC_WARN_UNINITIALIZED_AUTOS = YES_AGGRESSIVE;
				GCC_WARN_UNUSED_FUNCTION = YES;
				GCC_WARN_UNUSED_VARIABLE = YES;
				IPHONEOS_DEPLOYMENT_TARGET = 13.4;
				MTL_ENABLE_DEBUG_INFO = INCLUDE_SOURCE;
				MTL_FAST_MATH = YES;
				ONLY_ACTIVE_ARCH = YES;
				SDKROOT = iphoneos;
				SWIFT_ACTIVE_COMPILATION_CONDITIONS = DEBUG;
				SWIFT_OPTIMIZATION_LEVEL = "-Onone";
				VERSIONING_SYSTEM = "apple-generic";
				VERSION_INFO_PREFIX = "";
			};
			name = Debug;
		};
		DCC5CCA12449EE21004679AC /* Release */ = {
			isa = XCBuildConfiguration;
			baseConfigurationReference = DCC5CCAA2449F2ED004679AC /* Release.xcconfig */;
			buildSettings = {
				ALWAYS_SEARCH_USER_PATHS = NO;
				CLANG_ANALYZER_NONNULL = YES;
				CLANG_ANALYZER_NUMBER_OBJECT_CONVERSION = YES_AGGRESSIVE;
				CLANG_CXX_LANGUAGE_STANDARD = "gnu++14";
				CLANG_CXX_LIBRARY = "libc++";
				CLANG_ENABLE_MODULES = YES;
				CLANG_ENABLE_OBJC_ARC = YES;
				CLANG_ENABLE_OBJC_WEAK = YES;
				CLANG_WARN_BLOCK_CAPTURE_AUTORELEASING = YES;
				CLANG_WARN_BOOL_CONVERSION = YES;
				CLANG_WARN_COMMA = YES;
				CLANG_WARN_CONSTANT_CONVERSION = YES;
				CLANG_WARN_DEPRECATED_OBJC_IMPLEMENTATIONS = YES;
				CLANG_WARN_DIRECT_OBJC_ISA_USAGE = YES_ERROR;
				CLANG_WARN_DOCUMENTATION_COMMENTS = YES;
				CLANG_WARN_EMPTY_BODY = YES;
				CLANG_WARN_ENUM_CONVERSION = YES;
				CLANG_WARN_INFINITE_RECURSION = YES;
				CLANG_WARN_INT_CONVERSION = YES;
				CLANG_WARN_NON_LITERAL_NULL_CONVERSION = YES;
				CLANG_WARN_OBJC_IMPLICIT_RETAIN_SELF = YES;
				CLANG_WARN_OBJC_LITERAL_CONVERSION = YES;
				CLANG_WARN_OBJC_ROOT_CLASS = YES_ERROR;
				CLANG_WARN_QUOTED_INCLUDE_IN_FRAMEWORK_HEADER = YES;
				CLANG_WARN_RANGE_LOOP_ANALYSIS = YES;
				CLANG_WARN_STRICT_PROTOTYPES = YES;
				CLANG_WARN_SUSPICIOUS_MOVE = YES;
				CLANG_WARN_UNGUARDED_AVAILABILITY = YES_AGGRESSIVE;
				CLANG_WARN_UNREACHABLE_CODE = YES;
				CLANG_WARN__DUPLICATE_METHOD_MATCH = YES;
				COPY_PHASE_STRIP = NO;
				CURRENT_PROJECT_VERSION = 1;
				DEBUG_INFORMATION_FORMAT = "dwarf-with-dsym";
				ENABLE_NS_ASSERTIONS = NO;
				ENABLE_STRICT_OBJC_MSGSEND = YES;
				GCC_C_LANGUAGE_STANDARD = gnu11;
				GCC_NO_COMMON_BLOCKS = YES;
				GCC_WARN_64_TO_32_BIT_CONVERSION = YES;
				GCC_WARN_ABOUT_RETURN_TYPE = YES_ERROR;
				GCC_WARN_UNDECLARED_SELECTOR = YES;
				GCC_WARN_UNINITIALIZED_AUTOS = YES_AGGRESSIVE;
				GCC_WARN_UNUSED_FUNCTION = YES;
				GCC_WARN_UNUSED_VARIABLE = YES;
				IPHONEOS_DEPLOYMENT_TARGET = 13.4;
				MTL_ENABLE_DEBUG_INFO = NO;
				MTL_FAST_MATH = YES;
				SDKROOT = iphoneos;
				SWIFT_COMPILATION_MODE = wholemodule;
				SWIFT_OPTIMIZATION_LEVEL = "-O";
				VALIDATE_PRODUCT = YES;
				VERSIONING_SYSTEM = "apple-generic";
				VERSION_INFO_PREFIX = "";
			};
			name = Release;
		};
		DCC5CCA32449EE21004679AC /* Debug */ = {
			isa = XCBuildConfiguration;
			buildSettings = {
				MARKETING_VERSION = 1.1.0;
				PRODUCT_NAME = WultraMobileTokenSDK;
			};
			name = Debug;
		};
		DCC5CCA42449EE21004679AC /* Release */ = {
			isa = XCBuildConfiguration;
			buildSettings = {
				MARKETING_VERSION = 1.1.0;
				PRODUCT_NAME = WultraMobileTokenSDK;
			};
			name = Release;
		};
/* End XCBuildConfiguration section */

/* Begin XCConfigurationList section */
		DC61623D248508F8000DED17 /* Build configuration list for PBXNativeTarget "WultraMobileTokenSDKTests" */ = {
			isa = XCConfigurationList;
			buildConfigurations = (
				DC61623B248508F8000DED17 /* Debug */,
				DC61623C248508F8000DED17 /* Release */,
			);
			defaultConfigurationIsVisible = 0;
			defaultConfigurationName = Release;
		};
		DCC5CC942449EE21004679AC /* Build configuration list for PBXProject "WultraMobileTokenSDK" */ = {
			isa = XCConfigurationList;
			buildConfigurations = (
				DCC5CCA02449EE21004679AC /* Debug */,
				DCC5CCA12449EE21004679AC /* Release */,
			);
			defaultConfigurationIsVisible = 0;
			defaultConfigurationName = Release;
		};
		DCC5CCA22449EE21004679AC /* Build configuration list for PBXNativeTarget "WultraMobileTokenSDK" */ = {
			isa = XCConfigurationList;
			buildConfigurations = (
				DCC5CCA32449EE21004679AC /* Debug */,
				DCC5CCA42449EE21004679AC /* Release */,
			);
			defaultConfigurationIsVisible = 0;
			defaultConfigurationName = Release;
		};
/* End XCConfigurationList section */
	};
	rootObject = DCC5CC912449EE21004679AC /* Project object */;
}
