{
  "originHash" : "5bb0defbf468f2f55fcf1762f52b935a4beb3614ff930c0e3cea7881e51fe838",
  "pins" : [
    {
      "identity" : "networking-apple",
      "kind" : "remoteSourceControl",
      "location" : "https://github.com/wultra/networking-apple.git",
      "state" : {
        "revision" : "b59a97edc7b7accaf03033b75d3816b932ae3e2c",
        "version" : "1.5.2"
      }
    },
    {
      "identity" : "powerauth-mobile-sdk-spm",
      "kind" : "remoteSourceControl",
      "location" : "https://github.com/wultra/powerauth-mobile-sdk-spm.git",
      "state" : {
        "revision" : "e98e570bd527c98ef4ffff950fe2bebf557e4b85",
        "version" : "1.9.6"
      }
    }
  ],
  "version" : 3
}
