{
  "originHash" : "f93a62c62adc848a70bd365a2285d5cbfefe0e1ab7269813f6fdf97108eaa7b4",
  "pins" : [
    {
      "identity" : "cc7",
      "kind" : "remoteSourceControl",
      "location" : "https://github.com/wultra/cc7",
      "state" : {
        "revision" : "9e894cb278cc41a412f1f4d21fef34f396de7f8a",
        "version" : "0.7.2"
      }
    },
    {
      "identity" : "networking-apple",
      "kind" : "remoteSourceControl",
      "location" : "https://github.com/wultra/networking-apple.git",
      "state" : {
        "revision" : "c1ca8e6e1dc2a7ee729534f67dd2b5125623cd5f",
        "version" : "2.1.0"
      }
    },
    {
      "identity" : "powerauth-mobile-sdk",
      "kind" : "remoteSourceControl",
      "location" : "https://github.com/wultra/powerauth-mobile-sdk",
      "state" : {
        "revision" : "a088233c6926d7c0bf246b3fa2d765210d5b3502",
        "version" : "2.0.0"
      }
    }
  ],
  "version" : 3
}
